Microsoft Visual Studio Solution File, Format Version 12.00
# Visual Studio Version 16
VisualStudioVersion = 16.0.31025.194
MinimumVisualStudioVersion = 10.0.40219.1
Project("{FAE04EC0-301F-11D3-BF4B-00C04F79EFBC}") = "ProTOTP", "ProTOTP\ProTOTP.csproj", "{E26AF86A-0C66-4D61-A886-24027E3A6ACF}"
EndProject
Global
	GlobalSection(SolutionConfigurationPlatforms) = preSolution
		Debug|x64 = Debug|x64
		Release|x64 = Release|x64
	EndGlobalSection
	GlobalSection(ProjectConfigurationPlatforms) = postSolution
		{E26AF86A-0C66-4D61-A886-24027E3A6ACF}.Debug|x64.ActiveCfg = Debug|x64
		{E26AF86A-0C66-4D61-A886-24027E3A6ACF}.Debug|x64.Build.0 = Debug|x64
		{E26AF86A-0C66-4D61-A886-24027E3A6ACF}.Release|x64.ActiveCfg = Release|x64
		{E26AF86A-0C66-4D61-A886-24027E3A6ACF}.Release|x64.Build.0 = Release|x64
	EndGlobalSection
	GlobalSection(SolutionProperties) = preSolution
		HideSolutionNode = FALSE
	EndGlobalSection
	GlobalSection(ExtensibilityGlobals) = postSolution
		SolutionGuid = {E7036748-65E6-420D-94AD-3E8E1ABCF848}
	EndGlobalSection
EndGlobal
